// !$*UTF8*$!
{
	archiveVersion = 1;
	classes = {
	};
	objectVersion = 51;
	objects = {

/* Begin PBXBuildFile section */
		360429702441068600CD9BA4 /* AddGoal.storyboard in Resources */ = {isa = PBXBuildFile; fileRef = 3604296F2441068600CD9BA4 /* AddGoal.storyboard */; };
		3606948A243E6D2900F3DE3D /* ActiveGoalsTableViewCell.swift in Sources */ = {isa = PBXBuildFile; fileRef = 36069489243E6D2900F3DE3D /* ActiveGoalsTableViewCell.swift */; };
		3606FF9E2440E8930021867E /* FinishedGoals.storyboard in Resources */ = {isa = PBXBuildFile; fileRef = 3606FF9D2440E8930021867E /* FinishedGoals.storyboard */; };
		360CBD0C242C024400F96167 /* Assets.xcassets in Resources */ = {isa = PBXBuildFile; fileRef = 360CBCFF242C024300F96167 /* Assets.xcassets */; };
		360CBD0D242C024400F96167 /* LaunchScreen.storyboard in Resources */ = {isa = PBXBuildFile; fileRef = 360CBD02242C024300F96167 /* LaunchScreen.storyboard */; };
		360CBD0F242C024400F96167 /* AppDelegate.swift in Sources */ = {isa = PBXBuildFile; fileRef = 360CBD05242C024300F96167 /* AppDelegate.swift */; };
		360CBD10242C024400F96167 /* SceneDelegate.swift in Sources */ = {isa = PBXBuildFile; fileRef = 360CBD06242C024300F96167 /* SceneDelegate.swift */; };
		360CBD11242C024400F96167 /* HomeViewController.swift in Sources */ = {isa = PBXBuildFile; fileRef = 360CBD08242C024300F96167 /* HomeViewController.swift */; };
		360CBD12242C024400F96167 /* Home.storyboard in Resources */ = {isa = PBXBuildFile; fileRef = 360CBD0A242C024300F96167 /* Home.storyboard */; };
		3612ECAD243E5C5E008CE83F /* ActiveGoalsTableViewController.swift in Sources */ = {isa = PBXBuildFile; fileRef = 3612ECAC243E5C5E008CE83F /* ActiveGoalsTableViewController.swift */; };
		3612ECAF243E5ED8008CE83F /* ActiveGoalsViewController.swift in Sources */ = {isa = PBXBuildFile; fileRef = 3612ECAE243E5ED8008CE83F /* ActiveGoalsViewController.swift */; };
		3624E41224477EE30092624A /* CurrencyConvert.swift in Sources */ = {isa = PBXBuildFile; fileRef = 3624E41124477EE30092624A /* CurrencyConvert.swift */; };
		363AA9D1243DF02F005550D4 /* Calculator.storyboard in Resources */ = {isa = PBXBuildFile; fileRef = 363AA9D0243DF02F005550D4 /* Calculator.storyboard */; };
		36468FB12439C39400543F75 /* Proxima Nova Thin.otf in Resources */ = {isa = PBXBuildFile; fileRef = 36468FAC2439C39400543F75 /* Proxima Nova Thin.otf */; };
		36468FB22439C39400543F75 /* ProximaNova-Regular.otf in Resources */ = {isa = PBXBuildFile; fileRef = 36468FAD2439C39400543F75 /* ProximaNova-Regular.otf */; };
		36468FB32439C39400543F75 /* Proxima Nova Black.otf in Resources */ = {isa = PBXBuildFile; fileRef = 36468FAE2439C39400543F75 /* Proxima Nova Black.otf */; };
		36468FB42439C39400543F75 /* Proxima Nova Bold.otf in Resources */ = {isa = PBXBuildFile; fileRef = 36468FAF2439C39400543F75 /* Proxima Nova Bold.otf */; };
		36468FB52439C39400543F75 /* Proxima Nova Extrabold.otf in Resources */ = {isa = PBXBuildFile; fileRef = 36468FB02439C39400543F75 /* Proxima Nova Extrabold.otf */; };
		36468FB92439CD4500543F75 /* Constants.swift in Sources */ = {isa = PBXBuildFile; fileRef = 36468FB82439CD4500543F75 /* Constants.swift */; };
		36468FBB2439E09700543F75 /* LoginViewController.swift in Sources */ = {isa = PBXBuildFile; fileRef = 36468FBA2439E09700543F75 /* LoginViewController.swift */; };
		365F3E3C242D32680096B76E /* SavingsTarget.swift in Sources */ = {isa = PBXBuildFile; fileRef = 365F3E3B242D32680096B76E /* SavingsTarget.swift */; };
		365F3E3E242D3D7A0096B76E /* Transaction.swift in Sources */ = {isa = PBXBuildFile; fileRef = 365F3E3D242D3D7A0096B76E /* Transaction.swift */; };
		365F3E40242D42B20096B76E /* Category.swift in Sources */ = {isa = PBXBuildFile; fileRef = 365F3E3F242D42B20096B76E /* Category.swift */; };
		369F17DE243BBD6E0086B3BB /* ActiveGoals.storyboard in Resources */ = {isa = PBXBuildFile; fileRef = 369F17DD243BBD6E0086B3BB /* ActiveGoals.storyboard */; };
		36A4D898243A263E00CBB84C /* RealmService.swift in Sources */ = {isa = PBXBuildFile; fileRef = 36A4D897243A263E00CBB84C /* RealmService.swift */; };
		36A4D89A243A68D100CBB84C /* AuthenticationService.swift in Sources */ = {isa = PBXBuildFile; fileRef = 36A4D899243A68D100CBB84C /* AuthenticationService.swift */; };
		36C398F524348F8600403DDB /* Login.storyboard in Resources */ = {isa = PBXBuildFile; fileRef = 36C398F424348F8600403DDB /* Login.storyboard */; };
		36D93F6C242EAE2F009AF577 /* Defaults.swift in Sources */ = {isa = PBXBuildFile; fileRef = 36D93F6B242EAE2F009AF577 /* Defaults.swift */; };
		43A0F4C8CA496FB5CBBDA629 /* Pods_Piggy.framework in Frameworks */ = {isa = PBXBuildFile; fileRef = AED37EDA87606CBB04C79716 /* Pods_Piggy.framework */; };
/* End PBXBuildFile section */

/* Begin PBXFileReference section */
		3604296F2441068600CD9BA4 /* AddGoal.storyboard */ = {isa = PBXFileReference; lastKnownFileType = file.storyboard; path = AddGoal.storyboard; sourceTree = "<group>"; };
		36069489243E6D2900F3DE3D /* ActiveGoalsTableViewCell.swift */ = {isa = PBXFileReference; lastKnownFileType = sourcecode.swift; name = ActiveGoalsTableViewCell.swift; path = Source/Controllers/ActiveGoalsTableViewCell.swift; sourceTree = SOURCE_ROOT; };
		3606FF9D2440E8930021867E /* FinishedGoals.storyboard */ = {isa = PBXFileReference; lastKnownFileType = file.storyboard; path = FinishedGoals.storyboard; sourceTree = "<group>"; };
		360CBCFF242C024300F96167 /* Assets.xcassets */ = {isa = PBXFileReference; lastKnownFileType = folder.assetcatalog; path = Assets.xcassets; sourceTree = "<group>"; };
		360CBD02242C024300F96167 /* LaunchScreen.storyboard */ = {isa = PBXFileReference; fileEncoding = 4; lastKnownFileType = file.storyboard; path = LaunchScreen.storyboard; sourceTree = "<group>"; };
		360CBD03242C024300F96167 /* Info.plist */ = {isa = PBXFileReference; fileEncoding = 4; lastKnownFileType = text.plist.xml; path = Info.plist; sourceTree = "<group>"; };
		360CBD05242C024300F96167 /* AppDelegate.swift */ = {isa = PBXFileReference; fileEncoding = 4; lastKnownFileType = sourcecode.swift; path = AppDelegate.swift; sourceTree = "<group>"; };
		360CBD06242C024300F96167 /* SceneDelegate.swift */ = {isa = PBXFileReference; fileEncoding = 4; lastKnownFileType = sourcecode.swift; path = SceneDelegate.swift; sourceTree = "<group>"; };
		360CBD08242C024300F96167 /* HomeViewController.swift */ = {isa = PBXFileReference; fileEncoding = 4; lastKnownFileType = sourcecode.swift; path = HomeViewController.swift; sourceTree = "<group>"; };
		360CBD0A242C024300F96167 /* Home.storyboard */ = {isa = PBXFileReference; fileEncoding = 4; lastKnownFileType = file.storyboard; path = Home.storyboard; sourceTree = "<group>"; };
		3612ECAC243E5C5E008CE83F /* ActiveGoalsTableViewController.swift */ = {isa = PBXFileReference; lastKnownFileType = sourcecode.swift; path = ActiveGoalsTableViewController.swift; sourceTree = "<group>"; };
		3612ECAE243E5ED8008CE83F /* ActiveGoalsViewController.swift */ = {isa = PBXFileReference; lastKnownFileType = sourcecode.swift; path = ActiveGoalsViewController.swift; sourceTree = "<group>"; };
		3624E41124477EE30092624A /* CurrencyConvert.swift */ = {isa = PBXFileReference; lastKnownFileType = sourcecode.swift; path = CurrencyConvert.swift; sourceTree = "<group>"; };
		363AA9D0243DF02F005550D4 /* Calculator.storyboard */ = {isa = PBXFileReference; lastKnownFileType = file.storyboard; path = Calculator.storyboard; sourceTree = "<group>"; };
		36468FAC2439C39400543F75 /* Proxima Nova Thin.otf */ = {isa = PBXFileReference; lastKnownFileType = file; path = "Proxima Nova Thin.otf"; sourceTree = "<group>"; };
		36468FAD2439C39400543F75 /* ProximaNova-Regular.otf */ = {isa = PBXFileReference; lastKnownFileType = file; path = "ProximaNova-Regular.otf"; sourceTree = "<group>"; };
		36468FAE2439C39400543F75 /* Proxima Nova Black.otf */ = {isa = PBXFileReference; lastKnownFileType = file; path = "Proxima Nova Black.otf"; sourceTree = "<group>"; };
		36468FAF2439C39400543F75 /* Proxima Nova Bold.otf */ = {isa = PBXFileReference; lastKnownFileType = file; path = "Proxima Nova Bold.otf"; sourceTree = "<group>"; };
		36468FB02439C39400543F75 /* Proxima Nova Extrabold.otf */ = {isa = PBXFileReference; lastKnownFileType = file; path = "Proxima Nova Extrabold.otf"; sourceTree = "<group>"; };
		36468FB82439CD4500543F75 /* Constants.swift */ = {isa = PBXFileReference; lastKnownFileType = sourcecode.swift; path = Constants.swift; sourceTree = "<group>"; };
		36468FBA2439E09700543F75 /* LoginViewController.swift */ = {isa = PBXFileReference; lastKnownFileType = sourcecode.swift; path = LoginViewController.swift; sourceTree = "<group>"; };
		365F3E3B242D32680096B76E /* SavingsTarget.swift */ = {isa = PBXFileReference; lastKnownFileType = sourcecode.swift; path = SavingsTarget.swift; sourceTree = "<group>"; };
		365F3E3D242D3D7A0096B76E /* Transaction.swift */ = {isa = PBXFileReference; lastKnownFileType = sourcecode.swift; path = Transaction.swift; sourceTree = "<group>"; };
		365F3E3F242D42B20096B76E /* Category.swift */ = {isa = PBXFileReference; lastKnownFileType = sourcecode.swift; path = Category.swift; sourceTree = "<group>"; };
		3663E7A6242A889D00CECF87 /* Piggy.app */ = {isa = PBXFileReference; explicitFileType = wrapper.application; includeInIndex = 0; path = Piggy.app; sourceTree = BUILT_PRODUCTS_DIR; };
		369F17DD243BBD6E0086B3BB /* ActiveGoals.storyboard */ = {isa = PBXFileReference; lastKnownFileType = file.storyboard; path = ActiveGoals.storyboard; sourceTree = "<group>"; };
		36A4D897243A263E00CBB84C /* RealmService.swift */ = {isa = PBXFileReference; lastKnownFileType = sourcecode.swift; path = RealmService.swift; sourceTree = "<group>"; };
		36A4D899243A68D100CBB84C /* AuthenticationService.swift */ = {isa = PBXFileReference; lastKnownFileType = sourcecode.swift; path = AuthenticationService.swift; sourceTree = "<group>"; };
		36C398F424348F8600403DDB /* Login.storyboard */ = {isa = PBXFileReference; lastKnownFileType = file.storyboard; path = Login.storyboard; sourceTree = "<group>"; };
		36D93F6B242EAE2F009AF577 /* Defaults.swift */ = {isa = PBXFileReference; lastKnownFileType = sourcecode.swift; path = Defaults.swift; sourceTree = "<group>"; };
		45A548FA65D0192B1268450D /* Pods-Piggy.debug.xcconfig */ = {isa = PBXFileReference; includeInIndex = 1; lastKnownFileType = text.xcconfig; name = "Pods-Piggy.debug.xcconfig"; path = "Target Support Files/Pods-Piggy/Pods-Piggy.debug.xcconfig"; sourceTree = "<group>"; };
		AED37EDA87606CBB04C79716 /* Pods_Piggy.framework */ = {isa = PBXFileReference; explicitFileType = wrapper.framework; includeInIndex = 0; path = Pods_Piggy.framework; sourceTree = BUILT_PRODUCTS_DIR; };
		EF18BEADD0B0449A3BD9C9E8 /* Pods-Piggy.release.xcconfig */ = {isa = PBXFileReference; includeInIndex = 1; lastKnownFileType = text.xcconfig; name = "Pods-Piggy.release.xcconfig"; path = "Target Support Files/Pods-Piggy/Pods-Piggy.release.xcconfig"; sourceTree = "<group>"; };
/* End PBXFileReference section */

/* Begin PBXFrameworksBuildPhase section */
		3663E7A3242A889D00CECF87 /* Frameworks */ = {
			isa = PBXFrameworksBuildPhase;
			buildActionMask = 2147483647;
			files = (
				43A0F4C8CA496FB5CBBDA629 /* Pods_Piggy.framework in Frameworks */,
			);
			runOnlyForDeploymentPostprocessing = 0;
		};
/* End PBXFrameworksBuildPhase section */

/* Begin PBXGroup section */
		1380B6861D3617FD9A57404C /* Frameworks */ = {
			isa = PBXGroup;
			children = (
				AED37EDA87606CBB04C79716 /* Pods_Piggy.framework */,
			);
			name = Frameworks;
			sourceTree = "<group>";
		};
		360CBCFD242C024300F96167 /* Source */ = {
			isa = PBXGroup;
			children = (
				360CBD00242C024300F96167 /* Models */,
				360CBD09242C024300F96167 /* Views */,
				360CBD07242C024300F96167 /* Controllers */,
				3624E41324477F180092624A /* Helper Classes */,
				36A4D88C2439F14700CBB84C /* Extension */,
				360CBD0B242C024300F96167 /* Services */,
				360CBD01242C024300F96167 /* Supporting Files */,
			);
			path = Source;
			sourceTree = "<group>";
		};
		360CBD00242C024300F96167 /* Models */ = {
			isa = PBXGroup;
			children = (
				365F3E3B242D32680096B76E /* SavingsTarget.swift */,
				365F3E3D242D3D7A0096B76E /* Transaction.swift */,
				365F3E3F242D42B20096B76E /* Category.swift */,
				36D93F6B242EAE2F009AF577 /* Defaults.swift */,
			);
			path = Models;
			sourceTree = "<group>";
		};
		360CBD01242C024300F96167 /* Supporting Files */ = {
			isa = PBXGroup;
			children = (
				36468FAB2439C37E00543F75 /* Fonts */,
				360CBD05242C024300F96167 /* AppDelegate.swift */,
				360CBD06242C024300F96167 /* SceneDelegate.swift */,
				360CBCFF242C024300F96167 /* Assets.xcassets */,
				360CBD02242C024300F96167 /* LaunchScreen.storyboard */,
				360CBD03242C024300F96167 /* Info.plist */,
				36468FB82439CD4500543F75 /* Constants.swift */,
			);
			path = "Supporting Files";
			sourceTree = "<group>";
		};
		360CBD07242C024300F96167 /* Controllers */ = {
			isa = PBXGroup;
			children = (
				360CBD08242C024300F96167 /* HomeViewController.swift */,
				36468FBA2439E09700543F75 /* LoginViewController.swift */,
				3612ECAE243E5ED8008CE83F /* ActiveGoalsViewController.swift */,
				3612ECAC243E5C5E008CE83F /* ActiveGoalsTableViewController.swift */,
				36069489243E6D2900F3DE3D /* ActiveGoalsTableViewCell.swift */,
			);
			path = Controllers;
			sourceTree = "<group>";
		};
		360CBD09242C024300F96167 /* Views */ = {
			isa = PBXGroup;
			children = (
				360CBD0A242C024300F96167 /* Home.storyboard */,
				36C398F424348F8600403DDB /* Login.storyboard */,
				3604296F2441068600CD9BA4 /* AddGoal.storyboard */,
				369F17DD243BBD6E0086B3BB /* ActiveGoals.storyboard */,
				3606FF9D2440E8930021867E /* FinishedGoals.storyboard */,
				363AA9D0243DF02F005550D4 /* Calculator.storyboard */,
			);
			path = Views;
			sourceTree = "<group>";
		};
		360CBD0B242C024300F96167 /* Services */ = {
			isa = PBXGroup;
			children = (
				36A4D897243A263E00CBB84C /* RealmService.swift */,
				36A4D899243A68D100CBB84C /* AuthenticationService.swift */,
			);
			path = Services;
			sourceTree = "<group>";
		};
		3624E41324477F180092624A /* Helper Classes */ = {
			isa = PBXGroup;
			children = (
				3624E41124477EE30092624A /* CurrencyConvert.swift */,
			);
			path = "Helper Classes";
			sourceTree = "<group>";
		};
		36468FAB2439C37E00543F75 /* Fonts */ = {
			isa = PBXGroup;
			children = (
				36468FAE2439C39400543F75 /* Proxima Nova Black.otf */,
				36468FAF2439C39400543F75 /* Proxima Nova Bold.otf */,
				36468FB02439C39400543F75 /* Proxima Nova Extrabold.otf */,
				36468FAC2439C39400543F75 /* Proxima Nova Thin.otf */,
				36468FAD2439C39400543F75 /* ProximaNova-Regular.otf */,
			);
			path = Fonts;
			sourceTree = "<group>";
		};
		3663E79D242A889D00CECF87 = {
			isa = PBXGroup;
			children = (
				360CBCFD242C024300F96167 /* Source */,
				3663E7A7242A889D00CECF87 /* Products */,
				C1894C2BDBA11688CC720C6E /* Pods */,
				1380B6861D3617FD9A57404C /* Frameworks */,
			);
			sourceTree = "<group>";
		};
		3663E7A7242A889D00CECF87 /* Products */ = {
			isa = PBXGroup;
			children = (
				3663E7A6242A889D00CECF87 /* Piggy.app */,
			);
			name = Products;
			sourceTree = "<group>";
		};
		36A4D88C2439F14700CBB84C /* Extension */ = {
			isa = PBXGroup;
			children = (
			);
			path = Extension;
			sourceTree = "<group>";
		};
		C1894C2BDBA11688CC720C6E /* Pods */ = {
			isa = PBXGroup;
			children = (
				45A548FA65D0192B1268450D /* Pods-Piggy.debug.xcconfig */,
				EF18BEADD0B0449A3BD9C9E8 /* Pods-Piggy.release.xcconfig */,
			);
			path = Pods;
			sourceTree = "<group>";
		};
/* End PBXGroup section */

/* Begin PBXNativeTarget section */
		3663E7A5242A889D00CECF87 /* Piggy */ = {
			isa = PBXNativeTarget;
			buildConfigurationList = 3663E7BA242A889F00CECF87 /* Build configuration list for PBXNativeTarget "Piggy" */;
			buildPhases = (
				DAFCE73BA76A93707F59A422 /* [CP] Check Pods Manifest.lock */,
				3663E7A2242A889D00CECF87 /* Sources */,
				3663E7A3242A889D00CECF87 /* Frameworks */,
				3663E7A4242A889D00CECF87 /* Resources */,
				DF612A6CCE86BA2A6C271E2E /* [CP] Embed Pods Frameworks */,
			);
			buildRules = (
			);
			dependencies = (
			);
			name = Piggy;
			productName = Piggy;
			productReference = 3663E7A6242A889D00CECF87 /* Piggy.app */;
			productType = "com.apple.product-type.application";
		};
/* End PBXNativeTarget section */

/* Begin PBXProject section */
		3663E79E242A889D00CECF87 /* Project object */ = {
			isa = PBXProject;
			attributes = {
				LastSwiftUpdateCheck = 1130;
				LastUpgradeCheck = 1130;
				ORGANIZATIONNAME = "Jakob Lierman";
				TargetAttributes = {
					3663E7A5242A889D00CECF87 = {
						CreatedOnToolsVersion = 11.3.1;
					};
				};
			};
			buildConfigurationList = 3663E7A1242A889D00CECF87 /* Build configuration list for PBXProject "Piggy" */;
			compatibilityVersion = "Xcode 9.3";
			developmentRegion = en;
			hasScannedForEncodings = 0;
			knownRegions = (
				en,
				Base,
			);
			mainGroup = 3663E79D242A889D00CECF87;
			productRefGroup = 3663E7A7242A889D00CECF87 /* Products */;
			projectDirPath = "";
			projectRoot = "";
			targets = (
				3663E7A5242A889D00CECF87 /* Piggy */,
			);
		};
/* End PBXProject section */

/* Begin PBXResourcesBuildPhase section */
		3663E7A4242A889D00CECF87 /* Resources */ = {
			isa = PBXResourcesBuildPhase;
			buildActionMask = 2147483647;
			files = (
				36468FB42439C39400543F75 /* Proxima Nova Bold.otf in Resources */,
				363AA9D1243DF02F005550D4 /* Calculator.storyboard in Resources */,
				369F17DE243BBD6E0086B3BB /* ActiveGoals.storyboard in Resources */,
				360429702441068600CD9BA4 /* AddGoal.storyboard in Resources */,
				36C398F524348F8600403DDB /* Login.storyboard in Resources */,
				36468FB22439C39400543F75 /* ProximaNova-Regular.otf in Resources */,
				36468FB12439C39400543F75 /* Proxima Nova Thin.otf in Resources */,
				360CBD0C242C024400F96167 /* Assets.xcassets in Resources */,
				36468FB52439C39400543F75 /* Proxima Nova Extrabold.otf in Resources */,
				360CBD0D242C024400F96167 /* LaunchScreen.storyboard in Resources */,
				36468FB32439C39400543F75 /* Proxima Nova Black.otf in Resources */,
				360CBD12242C024400F96167 /* Home.storyboard in Resources */,
				3606FF9E2440E8930021867E /* FinishedGoals.storyboard in Resources */,
			);
			runOnlyForDeploymentPostprocessing = 0;
		};
/* End PBXResourcesBuildPhase section */

/* Begin PBXShellScriptBuildPhase section */
		DAFCE73BA76A93707F59A422 /* [CP] Check Pods Manifest.lock */ = {
			isa = PBXShellScriptBuildPhase;
			buildActionMask = 2147483647;
			files = (
			);
			inputFileListPaths = (
			);
			inputPaths = (
				"${PODS_PODFILE_DIR_PATH}/Podfile.lock",
				"${PODS_ROOT}/Manifest.lock",
			);
			name = "[CP] Check Pods Manifest.lock";
			outputFileListPaths = (
			);
			outputPaths = (
				"$(DERIVED_FILE_DIR)/Pods-Piggy-checkManifestLockResult.txt",
			);
			runOnlyForDeploymentPostprocessing = 0;
			shellPath = /bin/sh;
			shellScript = "diff \"${PODS_PODFILE_DIR_PATH}/Podfile.lock\" \"${PODS_ROOT}/Manifest.lock\" > /dev/null\nif [ $? != 0 ] ; then\n    # print error to STDERR\n    echo \"error: The sandbox is not in sync with the Podfile.lock. Run 'pod install' or update your CocoaPods installation.\" >&2\n    exit 1\nfi\n# This output is used by Xcode 'outputs' to avoid re-running this script phase.\necho \"SUCCESS\" > \"${SCRIPT_OUTPUT_FILE_0}\"\n";
			showEnvVarsInLog = 0;
		};
		DF612A6CCE86BA2A6C271E2E /* [CP] Embed Pods Frameworks */ = {
			isa = PBXShellScriptBuildPhase;
			buildActionMask = 2147483647;
			files = (
			);
			inputFileListPaths = (
				"${PODS_ROOT}/Target Support Files/Pods-Piggy/Pods-Piggy-frameworks-${CONFIGURATION}-input-files.xcfilelist",
			);
			name = "[CP] Embed Pods Frameworks";
			outputFileListPaths = (
				"${PODS_ROOT}/Target Support Files/Pods-Piggy/Pods-Piggy-frameworks-${CONFIGURATION}-output-files.xcfilelist",
			);
			runOnlyForDeploymentPostprocessing = 0;
			shellPath = /bin/sh;
			shellScript = "\"${PODS_ROOT}/Target Support Files/Pods-Piggy/Pods-Piggy-frameworks.sh\"\n";
			showEnvVarsInLog = 0;
		};
/* End PBXShellScriptBuildPhase section */

/* Begin PBXSourcesBuildPhase section */
		3663E7A2242A889D00CECF87 /* Sources */ = {
			isa = PBXSourcesBuildPhase;
			buildActionMask = 2147483647;
			files = (
				365F3E3C242D32680096B76E /* SavingsTarget.swift in Sources */,
				3612ECAF243E5ED8008CE83F /* ActiveGoalsViewController.swift in Sources */,
				36A4D898243A263E00CBB84C /* RealmService.swift in Sources */,
				360CBD0F242C024400F96167 /* AppDelegate.swift in Sources */,
				3612ECAD243E5C5E008CE83F /* ActiveGoalsTableViewController.swift in Sources */,
				360CBD10242C024400F96167 /* SceneDelegate.swift in Sources */,
				36468FB92439CD4500543F75 /* Constants.swift in Sources */,
				36A4D89A243A68D100CBB84C /* AuthenticationService.swift in Sources */,
				360CBD11242C024400F96167 /* HomeViewController.swift in Sources */,
				365F3E3E242D3D7A0096B76E /* Transaction.swift in Sources */,
				3606948A243E6D2900F3DE3D /* ActiveGoalsTableViewCell.swift in Sources */,
				3624E41224477EE30092624A /* CurrencyConvert.swift in Sources */,
				365F3E40242D42B20096B76E /* Category.swift in Sources */,
				36468FBB2439E09700543F75 /* LoginViewController.swift in Sources */,
				36D93F6C242EAE2F009AF577 /* Defaults.swift in Sources */,
			);
			runOnlyForDeploymentPostprocessing = 0;
		};
/* End PBXSourcesBuildPhase section */

/* Begin XCBuildConfiguration section */
		3663E7B8242A889F00CECF87 /* Debug */ = {
			isa = XCBuildConfiguration;
			buildSettings = {
				ALWAYS_SEARCH_USER_PATHS = NO;
				CLANG_ANALYZER_NONNULL = YES;
				CLANG_ANALYZER_NUMBER_OBJECT_CONVERSION = YES_AGGRESSIVE;
				CLANG_CXX_LANGUAGE_STANDARD = "gnu++14";
				CLANG_CXX_LIBRARY = "libc++";
				CLANG_ENABLE_MODULES = YES;
				CLANG_ENABLE_OBJC_ARC = YES;
				CLANG_ENABLE_OBJC_WEAK = YES;
				CLANG_WARN_BLOCK_CAPTURE_AUTORELEASING = YES;
				CLANG_WARN_BOOL_CONVERSION = YES;
				CLANG_WARN_COMMA = YES;
				CLANG_WARN_CONSTANT_CONVERSION = YES;
				CLANG_WARN_DEPRECATED_OBJC_IMPLEMENTATIONS = YES;
				CLANG_WARN_DIRECT_OBJC_ISA_USAGE = YES_ERROR;
				CLANG_WARN_DOCUMENTATION_COMMENTS = YES;
				CLANG_WARN_EMPTY_BODY = YES;
				CLANG_WARN_ENUM_CONVERSION = YES;
				CLANG_WARN_INFINITE_RECURSION = YES;
				CLANG_WARN_INT_CONVERSION = YES;
				CLANG_WARN_NON_LITERAL_NULL_CONVERSION = YES;
				CLANG_WARN_OBJC_IMPLICIT_RETAIN_SELF = YES;
				CLANG_WARN_OBJC_LITERAL_CONVERSION = YES;
				CLANG_WARN_OBJC_ROOT_CLASS = YES_ERROR;
				CLANG_WARN_RANGE_LOOP_ANALYSIS = YES;
				CLANG_WARN_STRICT_PROTOTYPES = YES;
				CLANG_WARN_SUSPICIOUS_MOVE = YES;
				CLANG_WARN_UNGUARDED_AVAILABILITY = YES_AGGRESSIVE;
				CLANG_WARN_UNREACHABLE_CODE = YES;
				CLANG_WARN__DUPLICATE_METHOD_MATCH = YES;
				COPY_PHASE_STRIP = NO;
				DEBUG_INFORMATION_FORMAT = dwarf;
				ENABLE_STRICT_OBJC_MSGSEND = YES;
				ENABLE_TESTABILITY = YES;
				GCC_C_LANGUAGE_STANDARD = gnu11;
				GCC_DYNAMIC_NO_PIC = NO;
				GCC_NO_COMMON_BLOCKS = YES;
				GCC_OPTIMIZATION_LEVEL = 0;
				GCC_PREPROCESSOR_DEFINITIONS = (
					"DEBUG=1",
					"$(inherited)",
				);
				GCC_WARN_64_TO_32_BIT_CONVERSION = YES;
				GCC_WARN_ABOUT_RETURN_TYPE = YES_ERROR;
				GCC_WARN_UNDECLARED_SELECTOR = YES;
				GCC_WARN_UNINITIALIZED_AUTOS = YES_AGGRESSIVE;
				GCC_WARN_UNUSED_FUNCTION = YES;
				GCC_WARN_UNUSED_VARIABLE = YES;
				IPHONEOS_DEPLOYMENT_TARGET = 12.4;
				MTL_ENABLE_DEBUG_INFO = INCLUDE_SOURCE;
				MTL_FAST_MATH = YES;
				ONLY_ACTIVE_ARCH = YES;
				SDKROOT = iphoneos;
				SWIFT_ACTIVE_COMPILATION_CONDITIONS = DEBUG;
				SWIFT_OPTIMIZATION_LEVEL = "-Onone";
			};
			name = Debug;
		};
		3663E7B9242A889F00CECF87 /* Release */ = {
			isa = XCBuildConfiguration;
			buildSettings = {
				ALWAYS_SEARCH_USER_PATHS = NO;
				CLANG_ANALYZER_NONNULL = YES;
				CLANG_ANALYZER_NUMBER_OBJECT_CONVERSION = YES_AGGRESSIVE;
				CLANG_CXX_LANGUAGE_STANDARD = "gnu++14";
				CLANG_CXX_LIBRARY = "libc++";
				CLANG_ENABLE_MODULES = YES;
				CLANG_ENABLE_OBJC_ARC = YES;
				CLANG_ENABLE_OBJC_WEAK = YES;
				CLANG_WARN_BLOCK_CAPTURE_AUTORELEASING = YES;
				CLANG_WARN_BOOL_CONVERSION = YES;
				CLANG_WARN_COMMA = YES;
				CLANG_WARN_CONSTANT_CONVERSION = YES;
				CLANG_WARN_DEPRECATED_OBJC_IMPLEMENTATIONS = YES;
				CLANG_WARN_DIRECT_OBJC_ISA_USAGE = YES_ERROR;
				CLANG_WARN_DOCUMENTATION_COMMENTS = YES;
				CLANG_WARN_EMPTY_BODY = YES;
				CLANG_WARN_ENUM_CONVERSION = YES;
				CLANG_WARN_INFINITE_RECURSION = YES;
				CLANG_WARN_INT_CONVERSION = YES;
				CLANG_WARN_NON_LITERAL_NULL_CONVERSION = YES;
				CLANG_WARN_OBJC_IMPLICIT_RETAIN_SELF = YES;
				CLANG_WARN_OBJC_LITERAL_CONVERSION = YES;
				CLANG_WARN_OBJC_ROOT_CLASS = YES_ERROR;
				CLANG_WARN_RANGE_LOOP_ANALYSIS = YES;
				CLANG_WARN_STRICT_PROTOTYPES = YES;
				CLANG_WARN_SUSPICIOUS_MOVE = YES;
				CLANG_WARN_UNGUARDED_AVAILABILITY = YES_AGGRESSIVE;
				CLANG_WARN_UNREACHABLE_CODE = YES;
				CLANG_WARN__DUPLICATE_METHOD_MATCH = YES;
				COPY_PHASE_STRIP = NO;
				DEBUG_INFORMATION_FORMAT = "dwarf-with-dsym";
				ENABLE_NS_ASSERTIONS = NO;
				ENABLE_STRICT_OBJC_MSGSEND = YES;
				GCC_C_LANGUAGE_STANDARD = gnu11;
				GCC_NO_COMMON_BLOCKS = YES;
				GCC_WARN_64_TO_32_BIT_CONVERSION = YES;
				GCC_WARN_ABOUT_RETURN_TYPE = YES_ERROR;
				GCC_WARN_UNDECLARED_SELECTOR = YES;
				GCC_WARN_UNINITIALIZED_AUTOS = YES_AGGRESSIVE;
				GCC_WARN_UNUSED_FUNCTION = YES;
				GCC_WARN_UNUSED_VARIABLE = YES;
				IPHONEOS_DEPLOYMENT_TARGET = 12.4;
				MTL_ENABLE_DEBUG_INFO = NO;
				MTL_FAST_MATH = YES;
				SDKROOT = iphoneos;
				SWIFT_COMPILATION_MODE = wholemodule;
				SWIFT_OPTIMIZATION_LEVEL = "-O";
				VALIDATE_PRODUCT = YES;
			};
			name = Release;
		};
		3663E7BB242A889F00CECF87 /* Debug */ = {
			isa = XCBuildConfiguration;
			baseConfigurationReference = 45A548FA65D0192B1268450D /* Pods-Piggy.debug.xcconfig */;
			buildSettings = {
				ASSETCATALOG_COMPILER_APPICON_NAME = AppIcon;
				CODE_SIGN_ENTITLEMENTS = Piggy.entitlements;
				CODE_SIGN_STYLE = Automatic;
				DEVELOPMENT_TEAM = FP4N86Q9NT;
				INFOPLIST_FILE = "$(SRCROOT)/Source/Supporting Files/Info.plist";
				IPHONEOS_DEPLOYMENT_TARGET = 12.4;
				LD_RUNPATH_SEARCH_PATHS = (
					"$(inherited)",
					"@executable_path/Frameworks",
				);
				PRODUCT_BUNDLE_IDENTIFIER = be.jakoblierman.Piggy;
				PRODUCT_NAME = "$(TARGET_NAME)";
				SWIFT_VERSION = 5.0;
				TARGETED_DEVICE_FAMILY = 1;
			};
			name = Debug;
		};
		3663E7BC242A889F00CECF87 /* Release */ = {
			isa = XCBuildConfiguration;
			baseConfigurationReference = EF18BEADD0B0449A3BD9C9E8 /* Pods-Piggy.release.xcconfig */;
			buildSettings = {
				ASSETCATALOG_COMPILER_APPICON_NAME = AppIcon;
				CODE_SIGN_ENTITLEMENTS = Piggy.entitlements;
				CODE_SIGN_STYLE = Automatic;
				DEVELOPMENT_TEAM = FP4N86Q9NT;
				INFOPLIST_FILE = "$(SRCROOT)/Source/Supporting Files/Info.plist";
				IPHONEOS_DEPLOYMENT_TARGET = 12.4;
				LD_RUNPATH_SEARCH_PATHS = (
					"$(inherited)",
					"@executable_path/Frameworks",
				);
				PRODUCT_BUNDLE_IDENTIFIER = be.jakoblierman.Piggy;
				PRODUCT_NAME = "$(TARGET_NAME)";
				SWIFT_VERSION = 5.0;
				TARGETED_DEVICE_FAMILY = 1;
			};
			name = Release;
		};
/* End XCBuildConfiguration section */

/* Begin XCConfigurationList section */
		3663E7A1242A889D00CECF87 /* Build configuration list for PBXProject "Piggy" */ = {
			isa = XCConfigurationList;
			buildConfigurations = (
				3663E7B8242A889F00CECF87 /* Debug */,
				3663E7B9242A889F00CECF87 /* Release */,
			);
			defaultConfigurationIsVisible = 0;
			defaultConfigurationName = Release;
		};
		3663E7BA242A889F00CECF87 /* Build configuration list for PBXNativeTarget "Piggy" */ = {
			isa = XCConfigurationList;
			buildConfigurations = (
				3663E7BB242A889F00CECF87 /* Debug */,
				3663E7BC242A889F00CECF87 /* Release */,
			);
			defaultConfigurationIsVisible = 0;
			defaultConfigurationName = Release;
		};
/* End XCConfigurationList section */
	};
	rootObject = 3663E79E242A889D00CECF87 /* Project object */;
}
